
Microsoft Visual Studio Solution File, Format Version 12.00
# Visual Studio Version 17
VisualStudioVersion = 17.6.33815.320
MinimumVisualStudioVersion = 10.0.40219.1
Project("{FAE04EC0-301F-11D3-BF4B-00C04F79EFBC}") = "Shop Site", "Shop Site\Shop Site.csproj", "{BF9CBC38-B6E8-4439-86B2-467FC772002A}"
EndProject
Global
	GlobalSection(SolutionConfigurationPlatforms) = preSolution
		Debug|Any CPU = Debug|Any CPU
		Release|Any CPU = Release|Any CPU
	EndGlobalSection
	GlobalSection(ProjectConfigurationPlatforms) = postSolution
		{BF9CBC38-B6E8-4439-86B2-467FC772002A}.Debug|Any CPU.ActiveCfg = Debug|Any CPU
		{BF9CBC38-B6E8-4439-86B2-467FC772002A}.Debug|Any CPU.Build.0 = Debug|Any CPU
		{BF9CBC38-B6E8-4439-86B2-467FC772002A}.Release|Any CPU.ActiveCfg = Release|Any CPU
		{BF9CBC38-B6E8-4439-86B2-467FC772002A}.Release|Any CPU.Build.0 = Release|Any CPU
	EndGlobalSection
	GlobalSection(SolutionProperties) = preSolution
		HideSolutionNode = FALSE
	EndGlobalSection
	GlobalSection(ExtensibilityGlobals) = postSolution
		SolutionGuid = {18C4A06D-5A0B-48B1-9FD0-F3370EEBB5BE}
	EndGlobalSection
EndGlobal
